
Microsoft Visual Studio Solution File, Format Version 12.00
# Visual Studio 15
VisualStudioVersion = 15.0.28307.168
MinimumVisualStudioVersion = 10.0.40219.1
Project("{888888A0-9F3D-457C-B088-3A5042F75D52}") = "FlexTools", "FlexTools.pyproj", "{AE0759C1-CD3B-45B9-BDDB-5BC1ED5937CC}"
EndProject
Global
	GlobalSection(SolutionConfigurationPlatforms) = preSolution
		Debug|Any CPU = Debug|Any CPU
		Release|Any CPU = Release|Any CPU
	EndGlobalSection
	GlobalSection(ProjectConfigurationPlatforms) = postSolution
		{AE0759C1-CD3B-45B9-BDDB-5BC1ED5937CC}.Debug|Any CPU.ActiveCfg = Debug|Any CPU
		{AE0759C1-CD3B-45B9-BDDB-5BC1ED5937CC}.Release|Any CPU.ActiveCfg = Release|Any CPU
	EndGlobalSection
	GlobalSection(SolutionProperties) = preSolution
		HideSolutionNode = FALSE
	EndGlobalSection
	GlobalSection(ExtensibilityGlobals) = postSolution
		SolutionGuid = {A6374606-CE8C-422F-AB24-B978D2DC3052}
	EndGlobalSection
EndGlobal
